// !$*UTF8*$!
{
	archiveVersion = 1;
	classes = {
	};
	objectVersion = 46;
	objects = {

/* Begin PBXBuildFile section */
		13B07FBC1A68108700A75B9A /* AppDelegate.m in Sources */ = {isa = PBXBuildFile; fileRef = 13B07FB01A68108700A75B9A /* AppDelegate.m */; };
		13B07FBD1A68108700A75B9A /* LaunchScreen.xib in Resources */ = {isa = PBXBuildFile; fileRef = 13B07FB11A68108700A75B9A /* LaunchScreen.xib */; };
		13B07FBF1A68108700A75B9A /* Images.xcassets in Resources */ = {isa = PBXBuildFile; fileRef = 13B07FB51A68108700A75B9A /* Images.xcassets */; };
		13B07FC11A68108700A75B9A /* main.m in Sources */ = {isa = PBXBuildFile; fileRef = 13B07FB71A68108700A75B9A /* main.m */; };
		3DE4DAD41476765101945408 /* libPods-siewapp.a in Frameworks */ = {isa = PBXBuildFile; fileRef = D43FF9D506E70904424FA7E9 /* libPods-siewapp.a */; };
		0038201341924768969BF3D7 /* libReactNativeAudioToolkit.a in Frameworks */ = {isa = PBXBuildFile; fileRef = 233FF7090A5141279F39BF63 /* libReactNativeAudioToolkit.a */; };
		B2BCCF3E74B74A9C91F6BC2A /* AntDesign.ttf in Resources */ = {isa = PBXBuildFile; fileRef = A4895E3788414BBC91149DC6 /* AntDesign.ttf */; };
		3209090B5E444E9C9E3EEC89 /* Entypo.ttf in Resources */ = {isa = PBXBuildFile; fileRef = 001417419FE14042874C4DCF /* Entypo.ttf */; };
		42977C4E01454284B2942FBC /* EvilIcons.ttf in Resources */ = {isa = PBXBuildFile; fileRef = 64FA178D344F49BD85396475 /* EvilIcons.ttf */; };
		830CF02E550A4178A45AF143 /* Feather.ttf in Resources */ = {isa = PBXBuildFile; fileRef = 5284479859D242D0A3970877 /* Feather.ttf */; };
		1018F65AB4A6417A9AB7D446 /* FontAwesome.ttf in Resources */ = {isa = PBXBuildFile; fileRef = 3D63F6D090024B018A8B24BB /* FontAwesome.ttf */; };
		045B94271A944FEA9BAA0814 /* FontAwesome5_Brands.ttf in Resources */ = {isa = PBXBuildFile; fileRef = 5491A266D62F4BC3AA1D51E2 /* FontAwesome5_Brands.ttf */; };
		B43BCC6E9BBE4AE4B1F25CA3 /* FontAwesome5_Regular.ttf in Resources */ = {isa = PBXBuildFile; fileRef = 1790E5A9D4BF4DB3BA0AB91F /* FontAwesome5_Regular.ttf */; };
		0210671E7FE8419DA19C3ADF /* FontAwesome5_Solid.ttf in Resources */ = {isa = PBXBuildFile; fileRef = 4E30717F29324DEEBD373F52 /* FontAwesome5_Solid.ttf */; };
		9A322DFD1B044E47AEB76D0A /* Fontisto.ttf in Resources */ = {isa = PBXBuildFile; fileRef = BD3D4AEA2E72450DB0BABA40 /* Fontisto.ttf */; };
		C7A02581EAFE47BFACD38FA5 /* Foundation.ttf in Resources */ = {isa = PBXBuildFile; fileRef = 3458B922C56D45E5817DA610 /* Foundation.ttf */; };
		250CD077F0454B4EB9067C2D /* Ionicons.ttf in Resources */ = {isa = PBXBuildFile; fileRef = FD2828CA366E45479E9988CE /* Ionicons.ttf */; };
		8472C775672E4A8E9051DC3A /* MaterialCommunityIcons.ttf in Resources */ = {isa = PBXBuildFile; fileRef = 83526BE9CA574D0787BAFC67 /* MaterialCommunityIcons.ttf */; };
		46F56150BA5E47B6ADD3EFD1 /* MaterialIcons.ttf in Resources */ = {isa = PBXBuildFile; fileRef = 6D0522F411E1490AAE69077F /* MaterialIcons.ttf */; };
		E00A71CF77B4406BAB31B809 /* Octicons.ttf in Resources */ = {isa = PBXBuildFile; fileRef = 81FE22C963BC4123946509AC /* Octicons.ttf */; };
		C3E8B7D625684E6FAE7822D9 /* SimpleLineIcons.ttf in Resources */ = {isa = PBXBuildFile; fileRef = 86FA5BA66AE84E9EB159566F /* SimpleLineIcons.ttf */; };
		DB42A780714C4D29A8E6E209 /* Zocial.ttf in Resources */ = {isa = PBXBuildFile; fileRef = CBC1C9069670468AA85F5898 /* Zocial.ttf */; };
		13583D811FE541F4B6F375C2 /* Raleway-Bold.ttf in Resources */ = {isa = PBXBuildFile; fileRef = 5E7C642E0ACE454782AEBE4F /* Raleway-Bold.ttf */; };
		812CA7F4CC154305B12C0AD1 /* Raleway-ExtraBold.ttf in Resources */ = {isa = PBXBuildFile; fileRef = 384B7F8629394D6985558504 /* Raleway-ExtraBold.ttf */; };
		10A74B4625EE440C9E21B1C8 /* Raleway-ExtraLight.ttf in Resources */ = {isa = PBXBuildFile; fileRef = 07471934DB5745D8A6A71AB7 /* Raleway-ExtraLight.ttf */; };
		39F6B5BBD4FC411596BFE215 /* Raleway-Heavy.ttf in Resources */ = {isa = PBXBuildFile; fileRef = B77C691534A948DF82F489DD /* Raleway-Heavy.ttf */; };
		261AEBFBCC2D4DBEA3AE1ADE /* Raleway-Light.ttf in Resources */ = {isa = PBXBuildFile; fileRef = 083BA849CB77483EAFB28403 /* Raleway-Light.ttf */; };
		8AFB7F1941514DB8AC7D1CF3 /* Raleway-Medium.ttf in Resources */ = {isa = PBXBuildFile; fileRef = 581A44DB23C44A2A8CAE89A2 /* Raleway-Medium.ttf */; };
		9325F5FA5D1943B8854290C3 /* Raleway-Regular.ttf in Resources */ = {isa = PBXBuildFile; fileRef = C95FA322F58A4452B255DAA0 /* Raleway-Regular.ttf */; };
		537A97C315E743B3B6957483 /* Raleway-SemiBold.ttf in Resources */ = {isa = PBXBuildFile; fileRef = 94663355C4B84AC782C361F1 /* Raleway-SemiBold.ttf */; };
		2B404670807B448FB3CB1654 /* Raleway-Thin.ttf in Resources */ = {isa = PBXBuildFile; fileRef = 20B4A2A1DAD5419DB9A41771 /* Raleway-Thin.ttf */; };
		56D4F0A184584D1E98D85AEC /* InfiniteSquare.woff in Resources */ = {isa = PBXBuildFile; fileRef = 203962A89DFA495D807FB62E /* InfiniteSquare.woff */; };
		F9262C0740D64A23ABCE765D /* Product-Sans-Bold-Italic.ttf in Resources */ = {isa = PBXBuildFile; fileRef = C67AF561831647AB88AA432D /* Product-Sans-Bold-Italic.ttf */; };
		06E04AA55E934D88AFE22332 /* Product-Sans-Bold.ttf in Resources */ = {isa = PBXBuildFile; fileRef = 3516347FBEDE4B759DD4D770 /* Product-Sans-Bold.ttf */; };
		1E541689C182456282152A81 /* Product-Sans-Italic.ttf in Resources */ = {isa = PBXBuildFile; fileRef = F7661A5DDD0548B8AAB73825 /* Product-Sans-Italic.ttf */; };
		063CB1AF02464DCFB3981701 /* Product-Sans-Regular.ttf in Resources */ = {isa = PBXBuildFile; fileRef = A6F7970FA67E448096077DBF /* Product-Sans-Regular.ttf */; };
		2485977B62EE4932BB5CC9F7 /* Raleway-Bold.ttf in Resources */ = {isa = PBXBuildFile; fileRef = 9B5755CBCBF54F62B17F001B /* Raleway-Bold.ttf */; };
		CF1F6D8586884AD9A3ECAA80 /* Raleway-ExtraBold.ttf in Resources */ = {isa = PBXBuildFile; fileRef = C75F0087C2DB483DA4EF860F /* Raleway-ExtraBold.ttf */; };
		1821DA376ED940EFBD9A9F63 /* Raleway-ExtraLight.ttf in Resources */ = {isa = PBXBuildFile; fileRef = C5092513DFBE45758732C611 /* Raleway-ExtraLight.ttf */; };
		9B3AD7E285D0405996C68872 /* Raleway-Heavy.ttf in Resources */ = {isa = PBXBuildFile; fileRef = D8733CBA3C284479954BFA09 /* Raleway-Heavy.ttf */; };
		F7C8AA8960C949A0A2212C4C /* Raleway-Light.ttf in Resources */ = {isa = PBXBuildFile; fileRef = 251E4B8C4707493E82D14048 /* Raleway-Light.ttf */; };
		C4EFA3A9FC574481AE452AC5 /* Raleway-Medium.ttf in Resources */ = {isa = PBXBuildFile; fileRef = B925191F93D5416C8967503F /* Raleway-Medium.ttf */; };
		DE0AD1BB8C134187BF0D7947 /* Raleway-Regular.ttf in Resources */ = {isa = PBXBuildFile; fileRef = 57EB7E153E9E4E1894E27EE4 /* Raleway-Regular.ttf */; };
		AC68348D6B43433CA9D16B86 /* Raleway-SemiBold.ttf in Resources */ = {isa = PBXBuildFile; fileRef = EF9FEAD518794E2789CD5A14 /* Raleway-SemiBold.ttf */; };
		E208CCACDC3A46CD8B569FD0 /* Raleway-Thin.ttf in Resources */ = {isa = PBXBuildFile; fileRef = 5301700D92E04365BFB7A2C8 /* Raleway-Thin.ttf */; };
/* End PBXBuildFile section */

/* Begin PBXFileReference section */
		008F07F21AC5B25A0029DE68 /* main.jsbundle */ = {isa = PBXFileReference; fileEncoding = 4; lastKnownFileType = text; path = main.jsbundle; sourceTree = "<group>"; };
		13B07F961A680F5B00A75B9A /* siewapp.app */ = {isa = PBXFileReference; explicitFileType = wrapper.application; includeInIndex = 0; path = siewapp.app; sourceTree = BUILT_PRODUCTS_DIR; };
		13B07FAF1A68108700A75B9A /* AppDelegate.h */ = {isa = PBXFileReference; fileEncoding = 4; lastKnownFileType = sourcecode.c.h; name = AppDelegate.h; path = siewapp/AppDelegate.h; sourceTree = "<group>"; };
		13B07FB01A68108700A75B9A /* AppDelegate.m */ = {isa = PBXFileReference; fileEncoding = 4; lastKnownFileType = sourcecode.c.objc; name = AppDelegate.m; path = siewapp/AppDelegate.m; sourceTree = "<group>"; };
		13B07FB21A68108700A75B9A /* Base */ = {isa = PBXFileReference; lastKnownFileType = file.xib; name = Base; path = Base.lproj/LaunchScreen.xib; sourceTree = "<group>"; };
		13B07FB51A68108700A75B9A /* Images.xcassets */ = {isa = PBXFileReference; lastKnownFileType = folder.assetcatalog; name = Images.xcassets; path = siewapp/Images.xcassets; sourceTree = "<group>"; };
		13B07FB61A68108700A75B9A /* Info.plist */ = {isa = PBXFileReference; fileEncoding = 4; lastKnownFileType = text.plist.xml; name = Info.plist; path = siewapp/Info.plist; sourceTree = "<group>"; };
		13B07FB71A68108700A75B9A /* main.m */ = {isa = PBXFileReference; fileEncoding = 4; lastKnownFileType = sourcecode.c.objc; name = main.m; path = siewapp/main.m; sourceTree = "<group>"; };
		2D16E6891FA4F8E400B85C8A /* libReact.a */ = {isa = PBXFileReference; explicitFileType = archive.ar; path = libReact.a; sourceTree = BUILT_PRODUCTS_DIR; };
		3B47C5AFCB8BDE514B7D1AC6 /* Pods-siewapp.debug.xcconfig */ = {isa = PBXFileReference; includeInIndex = 1; lastKnownFileType = text.xcconfig; name = "Pods-siewapp.debug.xcconfig"; path = "Target Support Files/Pods-siewapp/Pods-siewapp.debug.xcconfig"; sourceTree = "<group>"; };
		8AC623DBF3A3E2CB072F81F2 /* Pods-siewapp.release.xcconfig */ = {isa = PBXFileReference; includeInIndex = 1; lastKnownFileType = text.xcconfig; name = "Pods-siewapp.release.xcconfig"; path = "Target Support Files/Pods-siewapp/Pods-siewapp.release.xcconfig"; sourceTree = "<group>"; };
		D43FF9D506E70904424FA7E9 /* libPods-siewapp.a */ = {isa = PBXFileReference; explicitFileType = archive.ar; includeInIndex = 0; path = "libPods-siewapp.a"; sourceTree = BUILT_PRODUCTS_DIR; };
		ED297162215061F000B7C4FE /* JavaScriptCore.framework */ = {isa = PBXFileReference; lastKnownFileType = wrapper.framework; name = JavaScriptCore.framework; path = System/Library/Frameworks/JavaScriptCore.framework; sourceTree = SDKROOT; };
		ED2971642150620600B7C4FE /* JavaScriptCore.framework */ = {isa = PBXFileReference; lastKnownFileType = wrapper.framework; name = JavaScriptCore.framework; path = Platforms/AppleTVOS.platform/Developer/SDKs/AppleTVOS12.0.sdk/System/Library/Frameworks/JavaScriptCore.framework; sourceTree = DEVELOPER_DIR; };
		60FE105264034DDCBD6307B7 /* ReactNativeAudioToolkit.xcodeproj */ = {isa = PBXFileReference; name = "ReactNativeAudioToolkit.xcodeproj"; path = "../node_modules/react-native-audio-toolkit/ios/ReactNativeAudioToolkit/ReactNativeAudioToolkit.xcodeproj"; sourceTree = "<group>"; fileEncoding = undefined; lastKnownFileType = wrapper.pb-project; explicitFileType = undefined; includeInIndex = 0; };
		233FF7090A5141279F39BF63 /* libReactNativeAudioToolkit.a */ = {isa = PBXFileReference; name = "libReactNativeAudioToolkit.a"; path = "libReactNativeAudioToolkit.a"; sourceTree = "<group>"; fileEncoding = undefined; lastKnownFileType = archive.ar; explicitFileType = undefined; includeInIndex = 0; };
		A4895E3788414BBC91149DC6 /* AntDesign.ttf */ = {isa = PBXFileReference; name = "AntDesign.ttf"; path = "../node_modules/react-native-vector-icons/Fonts/AntDesign.ttf"; sourceTree = "<group>"; fileEncoding = undefined; lastKnownFileType = unknown; explicitFileType = undefined; includeInIndex = 0; };
		001417419FE14042874C4DCF /* Entypo.ttf */ = {isa = PBXFileReference; name = "Entypo.ttf"; path = "../node_modules/react-native-vector-icons/Fonts/Entypo.ttf"; sourceTree = "<group>"; fileEncoding = undefined; lastKnownFileType = unknown; explicitFileType = undefined; includeInIndex = 0; };
		64FA178D344F49BD85396475 /* EvilIcons.ttf */ = {isa = PBXFileReference; name = "EvilIcons.ttf"; path = "../node_modules/react-native-vector-icons/Fonts/EvilIcons.ttf"; sourceTree = "<group>"; fileEncoding = undefined; lastKnownFileType = unknown; explicitFileType = undefined; includeInIndex = 0; };
		5284479859D242D0A3970877 /* Feather.ttf */ = {isa = PBXFileReference; name = "Feather.ttf"; path = "../node_modules/react-native-vector-icons/Fonts/Feather.ttf"; sourceTree = "<group>"; fileEncoding = undefined; lastKnownFileType = unknown; explicitFileType = undefined; includeInIndex = 0; };
		3D63F6D090024B018A8B24BB /* FontAwesome.ttf */ = {isa = PBXFileReference; name = "FontAwesome.ttf"; path = "../node_modules/react-native-vector-icons/Fonts/FontAwesome.ttf"; sourceTree = "<group>"; fileEncoding = undefined; lastKnownFileType = unknown; explicitFileType = undefined; includeInIndex = 0; };
		5491A266D62F4BC3AA1D51E2 /* FontAwesome5_Brands.ttf */ = {isa = PBXFileReference; name = "FontAwesome5_Brands.ttf"; path = "../node_modules/react-native-vector-icons/Fonts/FontAwesome5_Brands.ttf"; sourceTree = "<group>"; fileEncoding = undefined; lastKnownFileType = unknown; explicitFileType = undefined; includeInIndex = 0; };
		1790E5A9D4BF4DB3BA0AB91F /* FontAwesome5_Regular.ttf */ = {isa = PBXFileReference; name = "FontAwesome5_Regular.ttf"; path = "../node_modules/react-native-vector-icons/Fonts/FontAwesome5_Regular.ttf"; sourceTree = "<group>"; fileEncoding = undefined; lastKnownFileType = unknown; explicitFileType = undefined; includeInIndex = 0; };
		4E30717F29324DEEBD373F52 /* FontAwesome5_Solid.ttf */ = {isa = PBXFileReference; name = "FontAwesome5_Solid.ttf"; path = "../node_modules/react-native-vector-icons/Fonts/FontAwesome5_Solid.ttf"; sourceTree = "<group>"; fileEncoding = undefined; lastKnownFileType = unknown; explicitFileType = undefined; includeInIndex = 0; };
		BD3D4AEA2E72450DB0BABA40 /* Fontisto.ttf */ = {isa = PBXFileReference; name = "Fontisto.ttf"; path = "../node_modules/react-native-vector-icons/Fonts/Fontisto.ttf"; sourceTree = "<group>"; fileEncoding = undefined; lastKnownFileType = unknown; explicitFileType = undefined; includeInIndex = 0; };
		3458B922C56D45E5817DA610 /* Foundation.ttf */ = {isa = PBXFileReference; name = "Foundation.ttf"; path = "../node_modules/react-native-vector-icons/Fonts/Foundation.ttf"; sourceTree = "<group>"; fileEncoding = undefined; lastKnownFileType = unknown; explicitFileType = undefined; includeInIndex = 0; };
		FD2828CA366E45479E9988CE /* Ionicons.ttf */ = {isa = PBXFileReference; name = "Ionicons.ttf"; path = "../node_modules/react-native-vector-icons/Fonts/Ionicons.ttf"; sourceTree = "<group>"; fileEncoding = undefined; lastKnownFileType = unknown; explicitFileType = undefined; includeInIndex = 0; };
		83526BE9CA574D0787BAFC67 /* MaterialCommunityIcons.ttf */ = {isa = PBXFileReference; name = "MaterialCommunityIcons.ttf"; path = "../node_modules/react-native-vector-icons/Fonts/MaterialCommunityIcons.ttf"; sourceTree = "<group>"; fileEncoding = undefined; lastKnownFileType = unknown; explicitFileType = undefined; includeInIndex = 0; };
		6D0522F411E1490AAE69077F /* MaterialIcons.ttf */ = {isa = PBXFileReference; name = "MaterialIcons.ttf"; path = "../node_modules/react-native-vector-icons/Fonts/MaterialIcons.ttf"; sourceTree = "<group>"; fileEncoding = undefined; lastKnownFileType = unknown; explicitFileType = undefined; includeInIndex = 0; };
		81FE22C963BC4123946509AC /* Octicons.ttf */ = {isa = PBXFileReference; name = "Octicons.ttf"; path = "../node_modules/react-native-vector-icons/Fonts/Octicons.ttf"; sourceTree = "<group>"; fileEncoding = undefined; lastKnownFileType = unknown; explicitFileType = undefined; includeInIndex = 0; };
		86FA5BA66AE84E9EB159566F /* SimpleLineIcons.ttf */ = {isa = PBXFileReference; name = "SimpleLineIcons.ttf"; path = "../node_modules/react-native-vector-icons/Fonts/SimpleLineIcons.ttf"; sourceTree = "<group>"; fileEncoding = undefined; lastKnownFileType = unknown; explicitFileType = undefined; includeInIndex = 0; };
		CBC1C9069670468AA85F5898 /* Zocial.ttf */ = {isa = PBXFileReference; name = "Zocial.ttf"; path = "../node_modules/react-native-vector-icons/Fonts/Zocial.ttf"; sourceTree = "<group>"; fileEncoding = undefined; lastKnownFileType = unknown; explicitFileType = undefined; includeInIndex = 0; };
		5E7C642E0ACE454782AEBE4F /* Raleway-Bold.ttf */ = {isa = PBXFileReference; name = "Raleway-Bold.ttf"; path = "../assets/fonts/Raleway/Raleway-Bold.ttf"; sourceTree = "<group>"; fileEncoding = undefined; lastKnownFileType = unknown; explicitFileType = undefined; includeInIndex = 0; };
		384B7F8629394D6985558504 /* Raleway-ExtraBold.ttf */ = {isa = PBXFileReference; name = "Raleway-ExtraBold.ttf"; path = "../assets/fonts/Raleway/Raleway-ExtraBold.ttf"; sourceTree = "<group>"; fileEncoding = undefined; lastKnownFileType = unknown; explicitFileType = undefined; includeInIndex = 0; };
		07471934DB5745D8A6A71AB7 /* Raleway-ExtraLight.ttf */ = {isa = PBXFileReference; name = "Raleway-ExtraLight.ttf"; path = "../assets/fonts/Raleway/Raleway-ExtraLight.ttf"; sourceTree = "<group>"; fileEncoding = undefined; lastKnownFileType = unknown; explicitFileType = undefined; includeInIndex = 0; };
		B77C691534A948DF82F489DD /* Raleway-Heavy.ttf */ = {isa = PBXFileReference; name = "Raleway-Heavy.ttf"; path = "../assets/fonts/Raleway/Raleway-Heavy.ttf"; sourceTree = "<group>"; fileEncoding = undefined; lastKnownFileType = unknown; explicitFileType = undefined; includeInIndex = 0; };
		083BA849CB77483EAFB28403 /* Raleway-Light.ttf */ = {isa = PBXFileReference; name = "Raleway-Light.ttf"; path = "../assets/fonts/Raleway/Raleway-Light.ttf"; sourceTree = "<group>"; fileEncoding = undefined; lastKnownFileType = unknown; explicitFileType = undefined; includeInIndex = 0; };
		581A44DB23C44A2A8CAE89A2 /* Raleway-Medium.ttf */ = {isa = PBXFileReference; name = "Raleway-Medium.ttf"; path = "../assets/fonts/Raleway/Raleway-Medium.ttf"; sourceTree = "<group>"; fileEncoding = undefined; lastKnownFileType = unknown; explicitFileType = undefined; includeInIndex = 0; };
		C95FA322F58A4452B255DAA0 /* Raleway-Regular.ttf */ = {isa = PBXFileReference; name = "Raleway-Regular.ttf"; path = "../assets/fonts/Raleway/Raleway-Regular.ttf"; sourceTree = "<group>"; fileEncoding = undefined; lastKnownFileType = unknown; explicitFileType = undefined; includeInIndex = 0; };
		94663355C4B84AC782C361F1 /* Raleway-SemiBold.ttf */ = {isa = PBXFileReference; name = "Raleway-SemiBold.ttf"; path = "../assets/fonts/Raleway/Raleway-SemiBold.ttf"; sourceTree = "<group>"; fileEncoding = undefined; lastKnownFileType = unknown; explicitFileType = undefined; includeInIndex = 0; };
		20B4A2A1DAD5419DB9A41771 /* Raleway-Thin.ttf */ = {isa = PBXFileReference; name = "Raleway-Thin.ttf"; path = "../assets/fonts/Raleway/Raleway-Thin.ttf"; sourceTree = "<group>"; fileEncoding = undefined; lastKnownFileType = unknown; explicitFileType = undefined; includeInIndex = 0; };
		203962A89DFA495D807FB62E /* InfiniteSquare.woff */ = {isa = PBXFileReference; name = "InfiniteSquare.woff"; path = "../assets/fonts/InfiniteSquare.woff"; sourceTree = "<group>"; fileEncoding = undefined; lastKnownFileType = unknown; explicitFileType = undefined; includeInIndex = 0; };
		C67AF561831647AB88AA432D /* Product-Sans-Bold-Italic.ttf */ = {isa = PBXFileReference; name = "Product-Sans-Bold-Italic.ttf"; path = "../assets/fonts/Product-Sans-Bold-Italic.ttf"; sourceTree = "<group>"; fileEncoding = undefined; lastKnownFileType = unknown; explicitFileType = undefined; includeInIndex = 0; };
		3516347FBEDE4B759DD4D770 /* Product-Sans-Bold.ttf */ = {isa = PBXFileReference; name = "Product-Sans-Bold.ttf"; path = "../assets/fonts/Product-Sans-Bold.ttf"; sourceTree = "<group>"; fileEncoding = undefined; lastKnownFileType = unknown; explicitFileType = undefined; includeInIndex = 0; };
		F7661A5DDD0548B8AAB73825 /* Product-Sans-Italic.ttf */ = {isa = PBXFileReference; name = "Product-Sans-Italic.ttf"; path = "../assets/fonts/Product-Sans-Italic.ttf"; sourceTree = "<group>"; fileEncoding = undefined; lastKnownFileType = unknown; explicitFileType = undefined; includeInIndex = 0; };
		A6F7970FA67E448096077DBF /* Product-Sans-Regular.ttf */ = {isa = PBXFileReference; name = "Product-Sans-Regular.ttf"; path = "../assets/fonts/Product-Sans-Regular.ttf"; sourceTree = "<group>"; fileEncoding = undefined; lastKnownFileType = unknown; explicitFileType = undefined; includeInIndex = 0; };
		9B5755CBCBF54F62B17F001B /* Raleway-Bold.ttf */ = {isa = PBXFileReference; name = "Raleway-Bold.ttf"; path = "../assets/fonts/Raleway-Bold.ttf"; sourceTree = "<group>"; fileEncoding = undefined; lastKnownFileType = unknown; explicitFileType = undefined; includeInIndex = 0; };
		C75F0087C2DB483DA4EF860F /* Raleway-ExtraBold.ttf */ = {isa = PBXFileReference; name = "Raleway-ExtraBold.ttf"; path = "../assets/fonts/Raleway-ExtraBold.ttf"; sourceTree = "<group>"; fileEncoding = undefined; lastKnownFileType = unknown; explicitFileType = undefined; includeInIndex = 0; };
		C5092513DFBE45758732C611 /* Raleway-ExtraLight.ttf */ = {isa = PBXFileReference; name = "Raleway-ExtraLight.ttf"; path = "../assets/fonts/Raleway-ExtraLight.ttf"; sourceTree = "<group>"; fileEncoding = undefined; lastKnownFileType = unknown; explicitFileType = undefined; includeInIndex = 0; };
		D8733CBA3C284479954BFA09 /* Raleway-Heavy.ttf */ = {isa = PBXFileReference; name = "Raleway-Heavy.ttf"; path = "../assets/fonts/Raleway-Heavy.ttf"; sourceTree = "<group>"; fileEncoding = undefined; lastKnownFileType = unknown; explicitFileType = undefined; includeInIndex = 0; };
		251E4B8C4707493E82D14048 /* Raleway-Light.ttf */ = {isa = PBXFileReference; name = "Raleway-Light.ttf"; path = "../assets/fonts/Raleway-Light.ttf"; sourceTree = "<group>"; fileEncoding = undefined; lastKnownFileType = unknown; explicitFileType = undefined; includeInIndex = 0; };
		B925191F93D5416C8967503F /* Raleway-Medium.ttf */ = {isa = PBXFileReference; name = "Raleway-Medium.ttf"; path = "../assets/fonts/Raleway-Medium.ttf"; sourceTree = "<group>"; fileEncoding = undefined; lastKnownFileType = unknown; explicitFileType = undefined; includeInIndex = 0; };
		57EB7E153E9E4E1894E27EE4 /* Raleway-Regular.ttf */ = {isa = PBXFileReference; name = "Raleway-Regular.ttf"; path = "../assets/fonts/Raleway-Regular.ttf"; sourceTree = "<group>"; fileEncoding = undefined; lastKnownFileType = unknown; explicitFileType = undefined; includeInIndex = 0; };
		EF9FEAD518794E2789CD5A14 /* Raleway-SemiBold.ttf */ = {isa = PBXFileReference; name = "Raleway-SemiBold.ttf"; path = "../assets/fonts/Raleway-SemiBold.ttf"; sourceTree = "<group>"; fileEncoding = undefined; lastKnownFileType = unknown; explicitFileType = undefined; includeInIndex = 0; };
		5301700D92E04365BFB7A2C8 /* Raleway-Thin.ttf */ = {isa = PBXFileReference; name = "Raleway-Thin.ttf"; path = "../assets/fonts/Raleway-Thin.ttf"; sourceTree = "<group>"; fileEncoding = undefined; lastKnownFileType = unknown; explicitFileType = undefined; includeInIndex = 0; };
/* End PBXFileReference section */

/* Begin PBXFrameworksBuildPhase section */
		13B07F8C1A680F5B00A75B9A /* Frameworks */ = {
			isa = PBXFrameworksBuildPhase;
			buildActionMask = 2147483647;
			files = (
				3DE4DAD41476765101945408 /* libPods-siewapp.a in Frameworks */,
				0038201341924768969BF3D7 /* libReactNativeAudioToolkit.a in Frameworks */,
			);
			runOnlyForDeploymentPostprocessing = 0;
		};
/* End PBXFrameworksBuildPhase section */

/* Begin PBXGroup section */
		13B07FAE1A68108700A75B9A /* siewapp */ = {
			isa = PBXGroup;
			children = (
				008F07F21AC5B25A0029DE68 /* main.jsbundle */,
				13B07FAF1A68108700A75B9A /* AppDelegate.h */,
				13B07FB01A68108700A75B9A /* AppDelegate.m */,
				13B07FB51A68108700A75B9A /* Images.xcassets */,
				13B07FB61A68108700A75B9A /* Info.plist */,
				13B07FB11A68108700A75B9A /* LaunchScreen.xib */,
				13B07FB71A68108700A75B9A /* main.m */,
			);
			name = siewapp;
			sourceTree = "<group>";
		};
		2D16E6871FA4F8E400B85C8A /* Frameworks */ = {
			isa = PBXGroup;
			children = (
				ED297162215061F000B7C4FE /* JavaScriptCore.framework */,
				ED2971642150620600B7C4FE /* JavaScriptCore.framework */,
				2D16E6891FA4F8E400B85C8A /* libReact.a */,
				D43FF9D506E70904424FA7E9 /* libPods-siewapp.a */,
			);
			name = Frameworks;
			sourceTree = "<group>";
		};
		72E5486571395D51695C2A02 /* Pods */ = {
			isa = PBXGroup;
			children = (
				3B47C5AFCB8BDE514B7D1AC6 /* Pods-siewapp.debug.xcconfig */,
				8AC623DBF3A3E2CB072F81F2 /* Pods-siewapp.release.xcconfig */,
			);
			name = Pods;
			path = Pods;
			sourceTree = "<group>";
		};
		832341AE1AAA6A7D00B99B32 /* Libraries */ = {
			isa = PBXGroup;
			children = (
				60FE105264034DDCBD6307B7 /* ReactNativeAudioToolkit.xcodeproj */,
			);
			name = Libraries;
			sourceTree = "<group>";
		};
		83CBB9F61A601CBA00E9B192 = {
			isa = PBXGroup;
			children = (
				13B07FAE1A68108700A75B9A /* siewapp */,
				832341AE1AAA6A7D00B99B32 /* Libraries */,
				83CBBA001A601CBA00E9B192 /* Products */,
				2D16E6871FA4F8E400B85C8A /* Frameworks */,
				72E5486571395D51695C2A02 /* Pods */,
				81C8B88747814F5ABC7C3303 /* Resources */,
			);
			indentWidth = 2;
			sourceTree = "<group>";
			tabWidth = 2;
			usesTabs = 0;
		};
		83CBBA001A601CBA00E9B192 /* Products */ = {
			isa = PBXGroup;
			children = (
				13B07F961A680F5B00A75B9A /* siewapp.app */,
			);
			name = Products;
			sourceTree = "<group>";
		};
		81C8B88747814F5ABC7C3303 /* Resources */ = {
			isa = "PBXGroup";
			children = (
				A4895E3788414BBC91149DC6 /* AntDesign.ttf */,
				001417419FE14042874C4DCF /* Entypo.ttf */,
				64FA178D344F49BD85396475 /* EvilIcons.ttf */,
				5284479859D242D0A3970877 /* Feather.ttf */,
				3D63F6D090024B018A8B24BB /* FontAwesome.ttf */,
				5491A266D62F4BC3AA1D51E2 /* FontAwesome5_Brands.ttf */,
				1790E5A9D4BF4DB3BA0AB91F /* FontAwesome5_Regular.ttf */,
				4E30717F29324DEEBD373F52 /* FontAwesome5_Solid.ttf */,
				BD3D4AEA2E72450DB0BABA40 /* Fontisto.ttf */,
				3458B922C56D45E5817DA610 /* Foundation.ttf */,
				FD2828CA366E45479E9988CE /* Ionicons.ttf */,
				83526BE9CA574D0787BAFC67 /* MaterialCommunityIcons.ttf */,
				6D0522F411E1490AAE69077F /* MaterialIcons.ttf */,
				81FE22C963BC4123946509AC /* Octicons.ttf */,
				86FA5BA66AE84E9EB159566F /* SimpleLineIcons.ttf */,
				CBC1C9069670468AA85F5898 /* Zocial.ttf */,
				5E7C642E0ACE454782AEBE4F /* Raleway-Bold.ttf */,
				384B7F8629394D6985558504 /* Raleway-ExtraBold.ttf */,
				07471934DB5745D8A6A71AB7 /* Raleway-ExtraLight.ttf */,
				B77C691534A948DF82F489DD /* Raleway-Heavy.ttf */,
				083BA849CB77483EAFB28403 /* Raleway-Light.ttf */,
				581A44DB23C44A2A8CAE89A2 /* Raleway-Medium.ttf */,
				C95FA322F58A4452B255DAA0 /* Raleway-Regular.ttf */,
				94663355C4B84AC782C361F1 /* Raleway-SemiBold.ttf */,
				20B4A2A1DAD5419DB9A41771 /* Raleway-Thin.ttf */,
				203962A89DFA495D807FB62E /* InfiniteSquare.woff */,
				C67AF561831647AB88AA432D /* Product-Sans-Bold-Italic.ttf */,
				3516347FBEDE4B759DD4D770 /* Product-Sans-Bold.ttf */,
				F7661A5DDD0548B8AAB73825 /* Product-Sans-Italic.ttf */,
				A6F7970FA67E448096077DBF /* Product-Sans-Regular.ttf */,
				9B5755CBCBF54F62B17F001B /* Raleway-Bold.ttf */,
				C75F0087C2DB483DA4EF860F /* Raleway-ExtraBold.ttf */,
				C5092513DFBE45758732C611 /* Raleway-ExtraLight.ttf */,
				D8733CBA3C284479954BFA09 /* Raleway-Heavy.ttf */,
				251E4B8C4707493E82D14048 /* Raleway-Light.ttf */,
				B925191F93D5416C8967503F /* Raleway-Medium.ttf */,
				57EB7E153E9E4E1894E27EE4 /* Raleway-Regular.ttf */,
				EF9FEAD518794E2789CD5A14 /* Raleway-SemiBold.ttf */,
				5301700D92E04365BFB7A2C8 /* Raleway-Thin.ttf */,
			);
			name = Resources;
			sourceTree = "<group>";
			path = "";
		};
/* End PBXGroup section */

/* Begin PBXNativeTarget section */
		13B07F861A680F5B00A75B9A /* siewapp */ = {
			isa = PBXNativeTarget;
			buildConfigurationList = 13B07F931A680F5B00A75B9A /* Build configuration list for PBXNativeTarget "siewapp" */;
			buildPhases = (
				F8BC737F2AD7A05944D9E2A1 /* [CP] Check Pods Manifest.lock */,
				FD4C38642228810C00325AF5 /* Start Packager */,
				13B07F871A680F5B00A75B9A /* Sources */,
				13B07F8C1A680F5B00A75B9A /* Frameworks */,
				13B07F8E1A680F5B00A75B9A /* Resources */,
				00DD1BFF1BD5951E006B06BC /* Bundle React Native code and images */,
			);
			buildRules = (
			);
			dependencies = (
			);
			name = siewapp;
			productName = "Hello World";
			productReference = 13B07F961A680F5B00A75B9A /* siewapp.app */;
			productType = "com.apple.product-type.application";
		};
/* End PBXNativeTarget section */

/* Begin PBXProject section */
		83CBB9F71A601CBA00E9B192 /* Project object */ = {
			isa = PBXProject;
			attributes = {
				LastUpgradeCheck = 940;
				ORGANIZATIONNAME = Facebook;
				TargetAttributes = {
					00E356ED1AD99517003FC87E = {
						CreatedOnToolsVersion = 6.2;
						TestTargetID = 13B07F861A680F5B00A75B9A;
					};
				};
			};
			buildConfigurationList = 83CBB9FA1A601CBA00E9B192 /* Build configuration list for PBXProject "siewapp" */;
			compatibilityVersion = "Xcode 3.2";
			developmentRegion = English;
			hasScannedForEncodings = 0;
			knownRegions = (
				en,
				Base,
			);
			mainGroup = 83CBB9F61A601CBA00E9B192;
			productRefGroup = 83CBBA001A601CBA00E9B192 /* Products */;
			projectDirPath = "";
			projectRoot = "";
			targets = (
				13B07F861A680F5B00A75B9A /* siewapp */,
			);
		};
/* End PBXProject section */

/* Begin PBXResourcesBuildPhase section */
		13B07F8E1A680F5B00A75B9A /* Resources */ = {
			isa = PBXResourcesBuildPhase;
			buildActionMask = 2147483647;
			files = (
				13B07FBF1A68108700A75B9A /* Images.xcassets in Resources */,
				13B07FBD1A68108700A75B9A /* LaunchScreen.xib in Resources */,
				B2BCCF3E74B74A9C91F6BC2A /* AntDesign.ttf in Resources */,
				3209090B5E444E9C9E3EEC89 /* Entypo.ttf in Resources */,
				42977C4E01454284B2942FBC /* EvilIcons.ttf in Resources */,
				830CF02E550A4178A45AF143 /* Feather.ttf in Resources */,
				1018F65AB4A6417A9AB7D446 /* FontAwesome.ttf in Resources */,
				045B94271A944FEA9BAA0814 /* FontAwesome5_Brands.ttf in Resources */,
				B43BCC6E9BBE4AE4B1F25CA3 /* FontAwesome5_Regular.ttf in Resources */,
				0210671E7FE8419DA19C3ADF /* FontAwesome5_Solid.ttf in Resources */,
				9A322DFD1B044E47AEB76D0A /* Fontisto.ttf in Resources */,
				C7A02581EAFE47BFACD38FA5 /* Foundation.ttf in Resources */,
				250CD077F0454B4EB9067C2D /* Ionicons.ttf in Resources */,
				8472C775672E4A8E9051DC3A /* MaterialCommunityIcons.ttf in Resources */,
				46F56150BA5E47B6ADD3EFD1 /* MaterialIcons.ttf in Resources */,
				E00A71CF77B4406BAB31B809 /* Octicons.ttf in Resources */,
				C3E8B7D625684E6FAE7822D9 /* SimpleLineIcons.ttf in Resources */,
				DB42A780714C4D29A8E6E209 /* Zocial.ttf in Resources */,
				13583D811FE541F4B6F375C2 /* Raleway-Bold.ttf in Resources */,
				812CA7F4CC154305B12C0AD1 /* Raleway-ExtraBold.ttf in Resources */,
				10A74B4625EE440C9E21B1C8 /* Raleway-ExtraLight.ttf in Resources */,
				39F6B5BBD4FC411596BFE215 /* Raleway-Heavy.ttf in Resources */,
				261AEBFBCC2D4DBEA3AE1ADE /* Raleway-Light.ttf in Resources */,
				8AFB7F1941514DB8AC7D1CF3 /* Raleway-Medium.ttf in Resources */,
				9325F5FA5D1943B8854290C3 /* Raleway-Regular.ttf in Resources */,
				537A97C315E743B3B6957483 /* Raleway-SemiBold.ttf in Resources */,
				2B404670807B448FB3CB1654 /* Raleway-Thin.ttf in Resources */,
				56D4F0A184584D1E98D85AEC /* InfiniteSquare.woff in Resources */,
				F9262C0740D64A23ABCE765D /* Product-Sans-Bold-Italic.ttf in Resources */,
				06E04AA55E934D88AFE22332 /* Product-Sans-Bold.ttf in Resources */,
				1E541689C182456282152A81 /* Product-Sans-Italic.ttf in Resources */,
				063CB1AF02464DCFB3981701 /* Product-Sans-Regular.ttf in Resources */,
				2485977B62EE4932BB5CC9F7 /* Raleway-Bold.ttf in Resources */,
				CF1F6D8586884AD9A3ECAA80 /* Raleway-ExtraBold.ttf in Resources */,
				1821DA376ED940EFBD9A9F63 /* Raleway-ExtraLight.ttf in Resources */,
				9B3AD7E285D0405996C68872 /* Raleway-Heavy.ttf in Resources */,
				F7C8AA8960C949A0A2212C4C /* Raleway-Light.ttf in Resources */,
				C4EFA3A9FC574481AE452AC5 /* Raleway-Medium.ttf in Resources */,
				DE0AD1BB8C134187BF0D7947 /* Raleway-Regular.ttf in Resources */,
				AC68348D6B43433CA9D16B86 /* Raleway-SemiBold.ttf in Resources */,
				E208CCACDC3A46CD8B569FD0 /* Raleway-Thin.ttf in Resources */,
			);
			runOnlyForDeploymentPostprocessing = 0;
		};
/* End PBXResourcesBuildPhase section */

/* Begin PBXShellScriptBuildPhase section */
		00DD1BFF1BD5951E006B06BC /* Bundle React Native code and images */ = {
			isa = PBXShellScriptBuildPhase;
			buildActionMask = 2147483647;
			files = (
			);
			inputPaths = (
			);
			name = "Bundle React Native code and images";
			outputPaths = (
			);
			runOnlyForDeploymentPostprocessing = 0;
			shellPath = /bin/sh;
			shellScript = "export NODE_BINARY=node\n../node_modules/react-native/scripts/react-native-xcode.sh";
		};
		F8BC737F2AD7A05944D9E2A1 /* [CP] Check Pods Manifest.lock */ = {
			isa = PBXShellScriptBuildPhase;
			buildActionMask = 2147483647;
			files = (
			);
			inputFileListPaths = (
			);
			inputPaths = (
				"${PODS_PODFILE_DIR_PATH}/Podfile.lock",
				"${PODS_ROOT}/Manifest.lock",
			);
			name = "[CP] Check Pods Manifest.lock";
			outputFileListPaths = (
			);
			outputPaths = (
				"$(DERIVED_FILE_DIR)/Pods-siewapp-checkManifestLockResult.txt",
			);
			runOnlyForDeploymentPostprocessing = 0;
			shellPath = /bin/sh;
			shellScript = "diff \"${PODS_PODFILE_DIR_PATH}/Podfile.lock\" \"${PODS_ROOT}/Manifest.lock\" > /dev/null\nif [ $? != 0 ] ; then\n    # print error to STDERR\n    echo \"error: The sandbox is not in sync with the Podfile.lock. Run 'pod install' or update your CocoaPods installation.\" >&2\n    exit 1\nfi\n# This output is used by Xcode 'outputs' to avoid re-running this script phase.\necho \"SUCCESS\" > \"${SCRIPT_OUTPUT_FILE_0}\"\n";
			showEnvVarsInLog = 0;
		};
		FD4C38642228810C00325AF5 /* Start Packager */ = {
			isa = PBXShellScriptBuildPhase;
			buildActionMask = 2147483647;
			files = (
			);
			inputFileListPaths = (
			);
			inputPaths = (
			);
			name = "Start Packager";
			outputFileListPaths = (
			);
			outputPaths = (
			);
			runOnlyForDeploymentPostprocessing = 0;
			shellPath = /bin/sh;
			shellScript = "export RCT_METRO_PORT=\"${RCT_METRO_PORT:=8081}\"\necho \"export RCT_METRO_PORT=${RCT_METRO_PORT}\" > \"${SRCROOT}/../node_modules/react-native/scripts/.packager.env\"\nif [ -z \"${RCT_NO_LAUNCH_PACKAGER+xxx}\" ] ; then\n  if nc -w 5 -z localhost ${RCT_METRO_PORT} ; then\n    if ! curl -s \"http://localhost:${RCT_METRO_PORT}/status\" | grep -q \"packager-status:running\" ; then\n      echo \"Port ${RCT_METRO_PORT} already in use, packager is either not running or not running correctly\"\n      exit 2\n    fi\n  else\n    open \"$SRCROOT/../node_modules/react-native/scripts/launchPackager.command\" || echo \"Can't start packager automatically\"\n  fi\nfi\n";
			showEnvVarsInLog = 0;
		};
/* End PBXShellScriptBuildPhase section */

/* Begin PBXSourcesBuildPhase section */
		13B07F871A680F5B00A75B9A /* Sources */ = {
			isa = PBXSourcesBuildPhase;
			buildActionMask = 2147483647;
			files = (
				13B07FBC1A68108700A75B9A /* AppDelegate.m in Sources */,
				13B07FC11A68108700A75B9A /* main.m in Sources */,
			);
			runOnlyForDeploymentPostprocessing = 0;
		};
/* End PBXSourcesBuildPhase section */

/* Begin PBXVariantGroup section */
		13B07FB11A68108700A75B9A /* LaunchScreen.xib */ = {
			isa = PBXVariantGroup;
			children = (
				13B07FB21A68108700A75B9A /* Base */,
			);
			name = LaunchScreen.xib;
			path = siewapp;
			sourceTree = "<group>";
		};
/* End PBXVariantGroup section */

/* Begin XCBuildConfiguration section */
		13B07F941A680F5B00A75B9A /* Debug */ = {
			isa = XCBuildConfiguration;
			baseConfigurationReference = 3B47C5AFCB8BDE514B7D1AC6 /* Pods-siewapp.debug.xcconfig */;
			buildSettings = {
				ASSETCATALOG_COMPILER_APPICON_NAME = AppIcon;
				CURRENT_PROJECT_VERSION = 1;
				DEAD_CODE_STRIPPING = NO;
				INFOPLIST_FILE = siewapp/Info.plist;
				LD_RUNPATH_SEARCH_PATHS = "$(inherited) @executable_path/Frameworks";
				OTHER_LDFLAGS = (
					"$(inherited)",
					"-ObjC",
					"-lc++",
				);
				PRODUCT_BUNDLE_IDENTIFIER = "org.reactjs.native.example.$(PRODUCT_NAME:rfc1034identifier)";
				PRODUCT_NAME = siewapp;
				VERSIONING_SYSTEM = "apple-generic";
				LIBRARY_SEARCH_PATHS = (
					"$(inherited)",
					"\"$(SRCROOT)/siewapp\"",
				);
				HEADER_SEARCH_PATHS = (
					"$(inherited)",
					"$(SRCROOT)/..",
				);
			};
			name = Debug;
		};
		13B07F951A680F5B00A75B9A /* Release */ = {
			isa = XCBuildConfiguration;
			baseConfigurationReference = 8AC623DBF3A3E2CB072F81F2 /* Pods-siewapp.release.xcconfig */;
			buildSettings = {
				ASSETCATALOG_COMPILER_APPICON_NAME = AppIcon;
				CURRENT_PROJECT_VERSION = 1;
				INFOPLIST_FILE = siewapp/Info.plist;
				LD_RUNPATH_SEARCH_PATHS = "$(inherited) @executable_path/Frameworks";
				OTHER_LDFLAGS = (
					"$(inherited)",
					"-ObjC",
					"-lc++",
				);
				PRODUCT_BUNDLE_IDENTIFIER = "org.reactjs.native.example.$(PRODUCT_NAME:rfc1034identifier)";
				PRODUCT_NAME = siewapp;
				VERSIONING_SYSTEM = "apple-generic";
				LIBRARY_SEARCH_PATHS = (
					"$(inherited)",
					"\"$(SRCROOT)/siewapp\"",
				);
				HEADER_SEARCH_PATHS = (
					"$(inherited)",
					"$(SRCROOT)/..",
				);
			};
			name = Release;
		};
		83CBBA201A601CBA00E9B192 /* Debug */ = {
			isa = XCBuildConfiguration;
			buildSettings = {
				ALWAYS_SEARCH_USER_PATHS = NO;
				CLANG_CXX_LANGUAGE_STANDARD = "gnu++0x";
				CLANG_CXX_LIBRARY = "libc++";
				CLANG_ENABLE_MODULES = YES;
				CLANG_ENABLE_OBJC_ARC = YES;
				CLANG_WARN_BLOCK_CAPTURE_AUTORELEASING = YES;
				CLANG_WARN_BOOL_CONVERSION = YES;
				CLANG_WARN_COMMA = YES;
				CLANG_WARN_CONSTANT_CONVERSION = YES;
				CLANG_WARN_DEPRECATED_OBJC_IMPLEMENTATIONS = YES;
				CLANG_WARN_DIRECT_OBJC_ISA_USAGE = YES_ERROR;
				CLANG_WARN_EMPTY_BODY = YES;
				CLANG_WARN_ENUM_CONVERSION = YES;
				CLANG_WARN_INFINITE_RECURSION = YES;
				CLANG_WARN_INT_CONVERSION = YES;
				CLANG_WARN_NON_LITERAL_NULL_CONVERSION = YES;
				CLANG_WARN_OBJC_IMPLICIT_RETAIN_SELF = YES;
				CLANG_WARN_OBJC_LITERAL_CONVERSION = YES;
				CLANG_WARN_OBJC_ROOT_CLASS = YES_ERROR;
				CLANG_WARN_RANGE_LOOP_ANALYSIS = YES;
				CLANG_WARN_STRICT_PROTOTYPES = YES;
				CLANG_WARN_SUSPICIOUS_MOVE = YES;
				CLANG_WARN_UNREACHABLE_CODE = YES;
				CLANG_WARN__DUPLICATE_METHOD_MATCH = YES;
				"CODE_SIGN_IDENTITY[sdk=iphoneos*]" = "iPhone Developer";
				COPY_PHASE_STRIP = NO;
				ENABLE_STRICT_OBJC_MSGSEND = YES;
				ENABLE_TESTABILITY = YES;
				GCC_C_LANGUAGE_STANDARD = gnu99;
				GCC_DYNAMIC_NO_PIC = NO;
				GCC_NO_COMMON_BLOCKS = YES;
				GCC_OPTIMIZATION_LEVEL = 0;
				GCC_PREPROCESSOR_DEFINITIONS = (
					"DEBUG=1",
					"$(inherited)",
				);
				GCC_SYMBOLS_PRIVATE_EXTERN = NO;
				GCC_WARN_64_TO_32_BIT_CONVERSION = YES;
				GCC_WARN_ABOUT_RETURN_TYPE = YES_ERROR;
				GCC_WARN_UNDECLARED_SELECTOR = YES;
				GCC_WARN_UNINITIALIZED_AUTOS = YES_AGGRESSIVE;
				GCC_WARN_UNUSED_FUNCTION = YES;
				GCC_WARN_UNUSED_VARIABLE = YES;
				IPHONEOS_DEPLOYMENT_TARGET = 9.0;
				MTL_ENABLE_DEBUG_INFO = YES;
				ONLY_ACTIVE_ARCH = YES;
				SDKROOT = iphoneos;
			};
			name = Debug;
		};
		83CBBA211A601CBA00E9B192 /* Release */ = {
			isa = XCBuildConfiguration;
			buildSettings = {
				ALWAYS_SEARCH_USER_PATHS = NO;
				CLANG_CXX_LANGUAGE_STANDARD = "gnu++0x";
				CLANG_CXX_LIBRARY = "libc++";
				CLANG_ENABLE_MODULES = YES;
				CLANG_ENABLE_OBJC_ARC = YES;
				CLANG_WARN_BLOCK_CAPTURE_AUTORELEASING = YES;
				CLANG_WARN_BOOL_CONVERSION = YES;
				CLANG_WARN_COMMA = YES;
				CLANG_WARN_CONSTANT_CONVERSION = YES;
				CLANG_WARN_DEPRECATED_OBJC_IMPLEMENTATIONS = YES;
				CLANG_WARN_DIRECT_OBJC_ISA_USAGE = YES_ERROR;
				CLANG_WARN_EMPTY_BODY = YES;
				CLANG_WARN_ENUM_CONVERSION = YES;
				CLANG_WARN_INFINITE_RECURSION = YES;
				CLANG_WARN_INT_CONVERSION = YES;
				CLANG_WARN_NON_LITERAL_NULL_CONVERSION = YES;
				CLANG_WARN_OBJC_IMPLICIT_RETAIN_SELF = YES;
				CLANG_WARN_OBJC_LITERAL_CONVERSION = YES;
				CLANG_WARN_OBJC_ROOT_CLASS = YES_ERROR;
				CLANG_WARN_RANGE_LOOP_ANALYSIS = YES;
				CLANG_WARN_STRICT_PROTOTYPES = YES;
				CLANG_WARN_SUSPICIOUS_MOVE = YES;
				CLANG_WARN_UNREACHABLE_CODE = YES;
				CLANG_WARN__DUPLICATE_METHOD_MATCH = YES;
				"CODE_SIGN_IDENTITY[sdk=iphoneos*]" = "iPhone Developer";
				COPY_PHASE_STRIP = YES;
				ENABLE_NS_ASSERTIONS = NO;
				ENABLE_STRICT_OBJC_MSGSEND = YES;
				GCC_C_LANGUAGE_STANDARD = gnu99;
				GCC_NO_COMMON_BLOCKS = YES;
				GCC_WARN_64_TO_32_BIT_CONVERSION = YES;
				GCC_WARN_ABOUT_RETURN_TYPE = YES_ERROR;
				GCC_WARN_UNDECLARED_SELECTOR = YES;
				GCC_WARN_UNINITIALIZED_AUTOS = YES_AGGRESSIVE;
				GCC_WARN_UNUSED_FUNCTION = YES;
				GCC_WARN_UNUSED_VARIABLE = YES;
				IPHONEOS_DEPLOYMENT_TARGET = 9.0;
				MTL_ENABLE_DEBUG_INFO = NO;
				SDKROOT = iphoneos;
				VALIDATE_PRODUCT = YES;
			};
			name = Release;
		};
/* End XCBuildConfiguration section */

/* Begin XCConfigurationList section */
		13B07F931A680F5B00A75B9A /* Build configuration list for PBXNativeTarget "siewapp" */ = {
			isa = XCConfigurationList;
			buildConfigurations = (
				13B07F941A680F5B00A75B9A /* Debug */,
				13B07F951A680F5B00A75B9A /* Release */,
			);
			defaultConfigurationIsVisible = 0;
			defaultConfigurationName = Release;
		};
		83CBB9FA1A601CBA00E9B192 /* Build configuration list for PBXProject "siewapp" */ = {
			isa = XCConfigurationList;
			buildConfigurations = (
				83CBBA201A601CBA00E9B192 /* Debug */,
				83CBBA211A601CBA00E9B192 /* Release */,
			);
			defaultConfigurationIsVisible = 0;
			defaultConfigurationName = Release;
		};
/* End XCConfigurationList section */
	};
	rootObject = 83CBB9F71A601CBA00E9B192 /* Project object */;
}
